// !$*UTF8*$!
{
	archiveVersion = 1;
	classes = {
	};
	objectVersion = 50;
	objects = {

/* Begin PBXBuildFile section */
		565AF23A212C0BA700ECE8DE /* AppDelegate.swift in Sources */ = {isa = PBXBuildFile; fileRef = 565AF239212C0BA700ECE8DE /* AppDelegate.swift */; };
		565AF23F212C0BA700ECE8DE /* Main.storyboard in Resources */ = {isa = PBXBuildFile; fileRef = 565AF23D212C0BA700ECE8DE /* Main.storyboard */; };
		565AF241212C0BA700ECE8DE /* Assets.xcassets in Resources */ = {isa = PBXBuildFile; fileRef = 565AF240212C0BA700ECE8DE /* Assets.xcassets */; };
		565AF244212C0BA700ECE8DE /* LaunchScreen.storyboard in Resources */ = {isa = PBXBuildFile; fileRef = 565AF242212C0BA700ECE8DE /* LaunchScreen.storyboard */; };
		565AF24C212C0DD400ECE8DE /* TableViewController.swift in Sources */ = {isa = PBXBuildFile; fileRef = 565AF24B212C0DD400ECE8DE /* TableViewController.swift */; };
/* End PBXBuildFile section */

/* Begin PBXFileReference section */
		565AF236212C0BA700ECE8DE /* PullToRefesh.app */ = {isa = PBXFileReference; explicitFileType = wrapper.application; includeInIndex = 0; path = PullToRefesh.app; sourceTree = BUILT_PRODUCTS_DIR; };
		565AF239212C0BA700ECE8DE /* AppDelegate.swift */ = {isa = PBXFileReference; lastKnownFileType = sourcecode.swift; path = AppDelegate.swift; sourceTree = "<group>"; };
		565AF23E212C0BA700ECE8DE /* Base */ = {isa = PBXFileReference; lastKnownFileType = file.storyboard; name = Base; path = Base.lproj/Main.storyboard; sourceTree = "<group>"; };
		565AF240212C0BA700ECE8DE /* Assets.xcassets */ = {isa = PBXFileReference; lastKnownFileType = folder.assetcatalog; path = Assets.xcassets; sourceTree = "<group>"; };
		565AF243212C0BA700ECE8DE /* Base */ = {isa = PBXFileReference; lastKnownFileType = file.storyboard; name = Base; path = Base.lproj/LaunchScreen.storyboard; sourceTree = "<group>"; };
		565AF245212C0BA700ECE8DE /* Info.plist */ = {isa = PBXFileReference; lastKnownFileType = text.plist.xml; path = Info.plist; sourceTree = "<group>"; };
		565AF24B212C0DD400ECE8DE /* TableViewController.swift */ = {isa = PBXFileReference; lastKnownFileType = sourcecode.swift; path = TableViewController.swift; sourceTree = "<group>"; };
/* End PBXFileReference section */

/* Begin PBXFrameworksBuildPhase section */
		565AF233212C0BA700ECE8DE /* Frameworks */ = {
			isa = PBXFrameworksBuildPhase;
			buildActionMask = 2147483647;
			files = (
			);
			runOnlyForDeploymentPostprocessing = 0;
		};
/* End PBXFrameworksBuildPhase section */

/* Begin PBXGroup section */
		565AF22D212C0BA700ECE8DE = {
			isa = PBXGroup;
			children = (
				565AF238212C0BA700ECE8DE /* PullToRefesh */,
				565AF237212C0BA700ECE8DE /* Products */,
			);
			sourceTree = "<group>";
		};
		565AF237212C0BA700ECE8DE /* Products */ = {
			isa = PBXGroup;
			children = (
				565AF236212C0BA700ECE8DE /* PullToRefesh.app */,
			);
			name = Products;
			sourceTree = "<group>";
		};
		565AF238212C0BA700ECE8DE /* PullToRefesh */ = {
			isa = PBXGroup;
			children = (
				565AF239212C0BA700ECE8DE /* AppDelegate.swift */,
				565AF23D212C0BA700ECE8DE /* Main.storyboard */,
				565AF24B212C0DD400ECE8DE /* TableViewController.swift */,
				565AF240212C0BA700ECE8DE /* Assets.xcassets */,
				565AF242212C0BA700ECE8DE /* LaunchScreen.storyboard */,
				565AF245212C0BA700ECE8DE /* Info.plist */,
			);
			path = PullToRefesh;
			sourceTree = "<group>";
		};
/* End PBXGroup section */

/* Begin PBXNativeTarget section */
		565AF235212C0BA700ECE8DE /* PullToRefesh */ = {
			isa = PBXNativeTarget;
			buildConfigurationList = 565AF248212C0BA700ECE8DE /* Build configuration list for PBXNativeTarget "PullToRefesh" */;
			buildPhases = (
				565AF232212C0BA700ECE8DE /* Sources */,
				565AF233212C0BA700ECE8DE /* Frameworks */,
				565AF234212C0BA700ECE8DE /* Resources */,
			);
			buildRules = (
			);
			dependencies = (
			);
			name = PullToRefesh;
			productName = PullToRefesh;
			productReference = 565AF236212C0BA700ECE8DE /* PullToRefesh.app */;
			productType = "com.apple.product-type.application";
		};
/* End PBXNativeTarget section */

/* Begin PBXProject section */
		565AF22E212C0BA700ECE8DE /* Project object */ = {
			isa = PBXProject;
			attributes = {
				LastSwiftUpdateCheck = 0940;
				LastUpgradeCheck = 0940;
				ORGANIZATIONNAME = anhxa100;
				TargetAttributes = {
					565AF235212C0BA700ECE8DE = {
						CreatedOnToolsVersion = 9.4.1;
					};
				};
			};
			buildConfigurationList = 565AF231212C0BA700ECE8DE /* Build configuration list for PBXProject "PullToRefesh" */;
			compatibilityVersion = "Xcode 9.3";
			developmentRegion = en;
			hasScannedForEncodings = 0;
			knownRegions = (
				en,
				Base,
			);
			mainGroup = 565AF22D212C0BA700ECE8DE;
			productRefGroup = 565AF237212C0BA700ECE8DE /* Products */;
			projectDirPath = "";
			projectRoot = "";
			targets = (
				565AF235212C0BA700ECE8DE /* PullToRefesh */,
			);
		};
/* End PBXProject section */

/* Begin PBXResourcesBuildPhase section */
		565AF234212C0BA700ECE8DE /* Resources */ = {
			isa = PBXResourcesBuildPhase;
			buildActionMask = 2147483647;
			files = (
				565AF244212C0BA700ECE8DE /* LaunchScreen.storyboard in Resources */,
				565AF241212C0BA700ECE8DE /* Assets.xcassets in Resources */,
				565AF23F212C0BA700ECE8DE /* Main.storyboard in Resources */,
			);
			runOnlyForDeploymentPostprocessing = 0;
		};
/* End PBXResourcesBuildPhase section */

/* Begin PBXSourcesBuildPhase section */
		565AF232212C0BA700ECE8DE /* Sources */ = {
			isa = PBXSourcesBuildPhase;
			buildActionMask = 2147483647;
			files = (
				565AF24C212C0DD400ECE8DE /* TableViewController.swift in Sources */,
				565AF23A212C0BA700ECE8DE /* AppDelegate.swift in Sources */,
			);
			runOnlyForDeploymentPostprocessing = 0;
		};
/* End PBXSourcesBuildPhase section */

/* Begin PBXVariantGroup section */
		565AF23D212C0BA700ECE8DE /* Main.storyboard */ = {
			isa = PBXVariantGroup;
			children = (
				565AF23E212C0BA700ECE8DE /* Base */,
			);
			name = Main.storyboard;
			sourceTree = "<group>";
		};
		565AF242212C0BA700ECE8DE /* LaunchScreen.storyboard */ = {
			isa = PBXVariantGroup;
			children = (
				565AF243212C0BA700ECE8DE /* Base */,
			);
			name = LaunchScreen.storyboard;
			sourceTree = "<group>";
		};
/* End PBXVariantGroup section */

/* Begin XCBuildConfiguration section */
		565AF246212C0BA700ECE8DE /* Debug */ = {
			isa = XCBuildConfiguration;
			buildSettings = {
				ALWAYS_SEARCH_USER_PATHS = NO;
				CLANG_ANALYZER_NONNULL = YES;
				CLANG_ANALYZER_NUMBER_OBJECT_CONVERSION = YES_AGGRESSIVE;
				CLANG_CXX_LANGUAGE_STANDARD = "gnu++14";
				CLANG_CXX_LIBRARY = "libc++";
				CLANG_ENABLE_MODULES = YES;
				CLANG_ENABLE_OBJC_ARC = YES;
				CLANG_ENABLE_OBJC_WEAK = YES;
				CLANG_WARN_BLOCK_CAPTURE_AUTORELEASING = YES;
				CLANG_WARN_BOOL_CONVERSION = YES;
				CLANG_WARN_COMMA = YES;
				CLANG_WARN_CONSTANT_CONVERSION = YES;
				CLANG_WARN_DEPRECATED_OBJC_IMPLEMENTATIONS = YES;
				CLANG_WARN_DIRECT_OBJC_ISA_USAGE = YES_ERROR;
				CLANG_WARN_DOCUMENTATION_COMMENTS = YES;
				CLANG_WARN_EMPTY_BODY = YES;
				CLANG_WARN_ENUM_CONVERSION = YES;
				CLANG_WARN_INFINITE_RECURSION = YES;
				CLANG_WARN_INT_CONVERSION = YES;
				CLANG_WARN_NON_LITERAL_NULL_CONVERSION = YES;
				CLANG_WARN_OBJC_IMPLICIT_RETAIN_SELF = YES;
				CLANG_WARN_OBJC_LITERAL_CONVERSION = YES;
				CLANG_WARN_OBJC_ROOT_CLASS = YES_ERROR;
				CLANG_WARN_RANGE_LOOP_ANALYSIS = YES;
				CLANG_WARN_STRICT_PROTOTYPES = YES;
				CLANG_WARN_SUSPICIOUS_MOVE = YES;
				CLANG_WARN_UNGUARDED_AVAILABILITY = YES_AGGRESSIVE;
				CLANG_WARN_UNREACHABLE_CODE = YES;
				CLANG_WARN__DUPLICATE_METHOD_MATCH = YES;
				CODE_SIGN_IDENTITY = "iPhone Developer";
				COPY_PHASE_STRIP = NO;
				DEBUG_INFORMATION_FORMAT = dwarf;
				ENABLE_STRICT_OBJC_MSGSEND = YES;
				ENABLE_TESTABILITY = YES;
				GCC_C_LANGUAGE_STANDARD = gnu11;
				GCC_DYNAMIC_NO_PIC = NO;
				GCC_NO_COMMON_BLOCKS = YES;
				GCC_OPTIMIZATION_LEVEL = 0;
				GCC_PREPROCESSOR_DEFINITIONS = (
					"DEBUG=1",
					"$(inherited)",
				);
				GCC_WARN_64_TO_32_BIT_CONVERSION = YES;
				GCC_WARN_ABOUT_RETURN_TYPE = YES_ERROR;
				GCC_WARN_UNDECLARED_SELECTOR = YES;
				GCC_WARN_UNINITIALIZED_AUTOS = YES_AGGRESSIVE;
				GCC_WARN_UNUSED_FUNCTION = YES;
				GCC_WARN_UNUSED_VARIABLE = YES;
				IPHONEOS_DEPLOYMENT_TARGET = 11.4;
				MTL_ENABLE_DEBUG_INFO = YES;
				ONLY_ACTIVE_ARCH = YES;
				SDKROOT = iphoneos;
				SWIFT_ACTIVE_COMPILATION_CONDITIONS = DEBUG;
				SWIFT_OPTIMIZATION_LEVEL = "-Onone";
			};
			name = Debug;
		};
		565AF247212C0BA700ECE8DE /* Release */ = {
			isa = XCBuildConfiguration;
			buildSettings = {
				ALWAYS_SEARCH_USER_PATHS = NO;
				CLANG_ANALYZER_NONNULL = YES;
				CLANG_ANALYZER_NUMBER_OBJECT_CONVERSION = YES_AGGRESSIVE;
				CLANG_CXX_LANGUAGE_STANDARD = "gnu++14";
				CLANG_CXX_LIBRARY = "libc++";
				CLANG_ENABLE_MODULES = YES;
				CLANG_ENABLE_OBJC_ARC = YES;
				CLANG_ENABLE_OBJC_WEAK = YES;
				CLANG_WARN_BLOCK_CAPTURE_AUTORELEASING = YES;
				CLANG_WARN_BOOL_CONVERSION = YES;
				CLANG_WARN_COMMA = YES;
				CLANG_WARN_CONSTANT_CONVERSION = YES;
				CLANG_WARN_DEPRECATED_OBJC_IMPLEMENTATIONS = YES;
				CLANG_WARN_DIRECT_OBJC_ISA_USAGE = YES_ERROR;
				CLANG_WARN_DOCUMENTATION_COMMENTS = YES;
				CLANG_WARN_EMPTY_BODY = YES;
				CLANG_WARN_ENUM_CONVERSION = YES;
				CLANG_WARN_INFINITE_RECURSION = YES;
				CLANG_WARN_INT_CONVERSION = YES;
				CLANG_WARN_NON_LITERAL_NULL_CONVERSION = YES;
				CLANG_WARN_OBJC_IMPLICIT_RETAIN_SELF = YES;
				CLANG_WARN_OBJC_LITERAL_CONVERSION = YES;
				CLANG_WARN_OBJC_ROOT_CLASS = YES_ERROR;
				CLANG_WARN_RANGE_LOOP_ANALYSIS = YES;
				CLANG_WARN_STRICT_PROTOTYPES = YES;
				CLANG_WARN_SUSPICIOUS_MOVE = YES;
				CLANG_WARN_UNGUARDED_AVAILABILITY = YES_AGGRESSIVE;
				CLANG_WARN_UNREACHABLE_CODE = YES;
				CLANG_WARN__DUPLICATE_METHOD_MATCH = YES;
				CODE_SIGN_IDENTITY = "iPhone Developer";
				COPY_PHASE_STRIP = NO;
				DEBUG_INFORMATION_FORMAT = "dwarf-with-dsym";
				ENABLE_NS_ASSERTIONS = NO;
				ENABLE_STRICT_OBJC_MSGSEND = YES;
				GCC_C_LANGUAGE_STANDARD = gnu11;
				GCC_NO_COMMON_BLOCKS = YES;
				GCC_WARN_64_TO_32_BIT_CONVERSION = YES;
				GCC_WARN_ABOUT_RETURN_TYPE = YES_ERROR;
				GCC_WARN_UNDECLARED_SELECTOR = YES;
				GCC_WARN_UNINITIALIZED_AUTOS = YES_AGGRESSIVE;
				GCC_WARN_UNUSED_FUNCTION = YES;
				GCC_WARN_UNUSED_VARIABLE = YES;
				IPHONEOS_DEPLOYMENT_TARGET = 11.4;
				MTL_ENABLE_DEBUG_INFO = NO;
				SDKROOT = iphoneos;
				SWIFT_COMPILATION_MODE = wholemodule;
				SWIFT_OPTIMIZATION_LEVEL = "-O";
				VALIDATE_PRODUCT = YES;
			};
			name = Release;
		};
		565AF249212C0BA700ECE8DE /* Debug */ = {
			isa = XCBuildConfiguration;
			buildSettings = {
				ASSETCATALOG_COMPILER_APPICON_NAME = AppIcon;
				CODE_SIGN_STYLE = Automatic;
				DEVELOPMENT_TEAM = U32Z3PZM2Y;
				INFOPLIST_FILE = PullToRefesh/Info.plist;
				LD_RUNPATH_SEARCH_PATHS = (
					"$(inherited)",
					"@executable_path/Frameworks",
				);
				PRODUCT_BUNDLE_IDENTIFIER = anhxa100.PullToRefesh;
				PRODUCT_NAME = "$(TARGET_NAME)";
				SWIFT_VERSION = 4.0;
				TARGETED_DEVICE_FAMILY = "1,2";
			};
			name = Debug;
		};
		565AF24A212C0BA700ECE8DE /* Release */ = {
			isa = XCBuildConfiguration;
			buildSettings = {
				ASSETCATALOG_COMPILER_APPICON_NAME = AppIcon;
				CODE_SIGN_STYLE = Automatic;
				DEVELOPMENT_TEAM = U32Z3PZM2Y;
				INFOPLIST_FILE = PullToRefesh/Info.plist;
				LD_RUNPATH_SEARCH_PATHS = (
					"$(inherited)",
					"@executable_path/Frameworks",
				);
				PRODUCT_BUNDLE_IDENTIFIER = anhxa100.PullToRefesh;
				PRODUCT_NAME = "$(TARGET_NAME)";
				SWIFT_VERSION = 4.0;
				TARGETED_DEVICE_FAMILY = "1,2";
			};
			name = Release;
		};
/* End XCBuildConfiguration section */

/* Begin XCConfigurationList section */
		565AF231212C0BA700ECE8DE /* Build configuration list for PBXProject "PullToRefesh" */ = {
			isa = XCConfigurationList;
			buildConfigurations = (
				565AF246212C0BA700ECE8DE /* Debug */,
				565AF247212C0BA700ECE8DE /* Release */,
			);
			defaultConfigurationIsVisible = 0;
			defaultConfigurationName = Release;
		};
		565AF248212C0BA700ECE8DE /* Build configuration list for PBXNativeTarget "PullToRefesh" */ = {
			isa = XCConfigurationList;
			buildConfigurations = (
				565AF249212C0BA700ECE8DE /* Debug */,
				565AF24A212C0BA700ECE8DE /* Release */,
			);
			defaultConfigurationIsVisible = 0;
			defaultConfigurationName = Release;
		};
/* End XCConfigurationList section */
	};
	rootObject = 565AF22E212C0BA700ECE8DE /* Project object */;
}
